// !$*UTF8*$!
{
	archiveVersion = 1;
	classes = {
	};
	objectVersion = 46;
	objects = {

/* Begin PBXBuildFile section */
		18138FA9AF37D0B76CA18D0D /* libPods.a in Frameworks */ = {isa = PBXBuildFile; fileRef = BBFAF73213CD27BF8B61DA6A /* libPods.a */; };
		3642DD5F1B534DB0005CA499 /* empty_picture.png in Resources */ = {isa = PBXBuildFile; fileRef = 3642DD5E1B534DB0005CA499 /* empty_picture.png */; };
		3642DD621B534EC4005CA499 /* UIImage+ReMake.m in Sources */ = {isa = PBXBuildFile; fileRef = 3642DD611B534EC4005CA499 /* UIImage+ReMake.m */; };
		3642DD661B535303005CA499 /* LFRoundProgressView.m in Sources */ = {isa = PBXBuildFile; fileRef = 3642DD651B535303005CA499 /* LFRoundProgressView.m */; };
		3642DD691B53534F005CA499 /* PhotoProgressView.m in Sources */ = {isa = PBXBuildFile; fileRef = 3642DD681B53534F005CA499 /* PhotoProgressView.m */; };
		3642DD6D1B536F5F005CA499 /* PicCell.m in Sources */ = {isa = PBXBuildFile; fileRef = 3642DD6B1B536F5F005CA499 /* PicCell.m */; };
		3642DD6E1B536F5F005CA499 /* PicCell.xib in Resources */ = {isa = PBXBuildFile; fileRef = 3642DD6C1B536F5F005CA499 /* PicCell.xib */; };
		3642DD701B539A35005CA499 /* btn_star_press@2x.png in Resources */ = {isa = PBXBuildFile; fileRef = 3642DD6F1B539A35005CA499 /* btn_star_press@2x.png */; };
		3642DD731B539D8B005CA499 /* UIImage+ImageEffects.m in Sources */ = {isa = PBXBuildFile; fileRef = 3642DD721B539D8B005CA499 /* UIImage+ImageEffects.m */; };
		3642DD761B53B0FF005CA499 /* ViewControllerForNews.m in Sources */ = {isa = PBXBuildFile; fileRef = 3642DD751B53B0FF005CA499 /* ViewControllerForNews.m */; };
		3642DDA71B53BFC5005CA499 /* 1.png in Resources */ = {isa = PBXBuildFile; fileRef = 3642DD9E1B53BFC5005CA499 /* 1.png */; };
		3642DDA81B53BFC5005CA499 /* 2.png in Resources */ = {isa = PBXBuildFile; fileRef = 3642DD9F1B53BFC5005CA499 /* 2.png */; };
		3642DDA91B53BFC5005CA499 /* 3.png in Resources */ = {isa = PBXBuildFile; fileRef = 3642DDA01B53BFC5005CA499 /* 3.png */; };
		3642DDAA1B53BFC5005CA499 /* 4.png in Resources */ = {isa = PBXBuildFile; fileRef = 3642DDA11B53BFC5005CA499 /* 4.png */; };
		3642DDAB1B53BFC5005CA499 /* 5.png in Resources */ = {isa = PBXBuildFile; fileRef = 3642DDA21B53BFC5005CA499 /* 5.png */; };
		3642DDAC1B53BFC5005CA499 /* 6.png in Resources */ = {isa = PBXBuildFile; fileRef = 3642DDA31B53BFC5005CA499 /* 6.png */; };
		3642DDAD1B53BFC5005CA499 /* 7.png in Resources */ = {isa = PBXBuildFile; fileRef = 3642DDA41B53BFC5005CA499 /* 7.png */; };
		3642DDAE1B53BFC5005CA499 /* 8.png in Resources */ = {isa = PBXBuildFile; fileRef = 3642DDA51B53BFC5005CA499 /* 8.png */; };
		3642DDAF1B53BFC5005CA499 /* 9.png in Resources */ = {isa = PBXBuildFile; fileRef = 3642DDA61B53BFC5005CA499 /* 9.png */; };
		366993921B50B0140050E344 /* main.m in Sources */ = {isa = PBXBuildFile; fileRef = 366993911B50B0140050E344 /* main.m */; };
		366993951B50B0140050E344 /* AppDelegate.m in Sources */ = {isa = PBXBuildFile; fileRef = 366993941B50B0140050E344 /* AppDelegate.m */; };
		366993981B50B0140050E344 /* ViewController.m in Sources */ = {isa = PBXBuildFile; fileRef = 366993971B50B0140050E344 /* ViewController.m */; };
		3669939B1B50B0140050E344 /* Main.storyboard in Resources */ = {isa = PBXBuildFile; fileRef = 366993991B50B0140050E344 /* Main.storyboard */; };
		3669939D1B50B0140050E344 /* Images.xcassets in Resources */ = {isa = PBXBuildFile; fileRef = 3669939C1B50B0140050E344 /* Images.xcassets */; };
		366993A01B50B0140050E344 /* LaunchScreen.xib in Resources */ = {isa = PBXBuildFile; fileRef = 3669939E1B50B0140050E344 /* LaunchScreen.xib */; };
		366993AC1B50B0140050E344 /* TLPhotoBrowserDemoTests.m in Sources */ = {isa = PBXBuildFile; fileRef = 366993AB1B50B0140050E344 /* TLPhotoBrowserDemoTests.m */; };
		366993CD1B50B45E0050E344 /* back_arrow@2x.png in Resources */ = {isa = PBXBuildFile; fileRef = 366993C81B50B45E0050E344 /* back_arrow@2x.png */; };
		366993CE1B50B45E0050E344 /* back_arrow@3x.png in Resources */ = {isa = PBXBuildFile; fileRef = 366993C91B50B45E0050E344 /* back_arrow@3x.png */; };
		366993CF1B50B45E0050E344 /* preview_save_icon_disable@2x.png in Resources */ = {isa = PBXBuildFile; fileRef = 366993CA1B50B45E0050E344 /* preview_save_icon_disable@2x.png */; };
		366993D01B50B45E0050E344 /* preview_save_icon_highlighted@2x.png in Resources */ = {isa = PBXBuildFile; fileRef = 366993CB1B50B45E0050E344 /* preview_save_icon_highlighted@2x.png */; };
		366993D11B50B45E0050E344 /* preview_save_icon@2x.png in Resources */ = {isa = PBXBuildFile; fileRef = 366993CC1B50B45E0050E344 /* preview_save_icon@2x.png */; };
		366993D51B50B4E60050E344 /* PhotoBrowserVC.m in Sources */ = {isa = PBXBuildFile; fileRef = 366993D31B50B4E60050E344 /* PhotoBrowserVC.m */; };
		366993D61B50B4E60050E344 /* PhotoBrowserVC.xib in Resources */ = {isa = PBXBuildFile; fileRef = 366993D41B50B4E60050E344 /* PhotoBrowserVC.xib */; };
		366993D91B50BB850050E344 /* btn_collectwhite_normal@2x.png in Resources */ = {isa = PBXBuildFile; fileRef = 366993D71B50BB850050E344 /* btn_collectwhite_normal@2x.png */; };
		366993DA1B50BB850050E344 /* btn_collectwhite_normal@3x.png in Resources */ = {isa = PBXBuildFile; fileRef = 366993D81B50BB850050E344 /* btn_collectwhite_normal@3x.png */; };
		366993DD1B50BB910050E344 /* btn_commentwhite_normal@2x.png in Resources */ = {isa = PBXBuildFile; fileRef = 366993DB1B50BB910050E344 /* btn_commentwhite_normal@2x.png */; };
		366993DE1B50BB910050E344 /* btn_commentwhite_normal@3x.png in Resources */ = {isa = PBXBuildFile; fileRef = 366993DC1B50BB910050E344 /* btn_commentwhite_normal@3x.png */; };
		366993E11B50BBA30050E344 /* btn_share_normalwhite.png in Resources */ = {isa = PBXBuildFile; fileRef = 366993DF1B50BBA30050E344 /* btn_share_normalwhite.png */; };
		366993E21B50BBA30050E344 /* btn_sharewhite_normal@2x.png in Resources */ = {isa = PBXBuildFile; fileRef = 366993E01B50BBA30050E344 /* btn_sharewhite_normal@2x.png */; };
		366993E51B50C3580050E344 /* Photo.m in Sources */ = {isa = PBXBuildFile; fileRef = 366993E41B50C3580050E344 /* Photo.m */; };
		366993EA1B50C5370050E344 /* PhotoImageView.m in Sources */ = {isa = PBXBuildFile; fileRef = 366993E91B50C5370050E344 /* PhotoImageView.m */; };
		366993ED1B50C5B60050E344 /* UIView+Extension.m in Sources */ = {isa = PBXBuildFile; fileRef = 366993EC1B50C5B60050E344 /* UIView+Extension.m */; };
		366993F01B50C7740050E344 /* PhotoItemView.m in Sources */ = {isa = PBXBuildFile; fileRef = 366993EF1B50C7740050E344 /* PhotoItemView.m */; };
		366993F21B50C7870050E344 /* PhotoItemView.xib in Resources */ = {isa = PBXBuildFile; fileRef = 366993F11B50C7870050E344 /* PhotoItemView.xib */; };
		366993F51B50C87B0050E344 /* PBScrollView.m in Sources */ = {isa = PBXBuildFile; fileRef = 366993F41B50C87B0050E344 /* PBScrollView.m */; };
/* End PBXBuildFile section */

/* Begin PBXContainerItemProxy section */
		366993A61B50B0140050E344 /* PBXContainerItemProxy */ = {
			isa = PBXContainerItemProxy;
			containerPortal = 366993841B50B0130050E344 /* Project object */;
			proxyType = 1;
			remoteGlobalIDString = 3669938B1B50B0130050E344;
			remoteInfo = TLPhotoBrowserDemo;
		};
/* End PBXContainerItemProxy section */

/* Begin PBXFileReference section */
		3642DD5E1B534DB0005CA499 /* empty_picture.png */ = {isa = PBXFileReference; lastKnownFileType = image.png; path = empty_picture.png; sourceTree = "<group>"; };
		3642DD601B534EC4005CA499 /* UIImage+ReMake.h */ = {isa = PBXFileReference; fileEncoding = 4; lastKnownFileType = sourcecode.c.h; path = "UIImage+ReMake.h"; sourceTree = "<group>"; };
		3642DD611B534EC4005CA499 /* UIImage+ReMake.m */ = {isa = PBXFileReference; fileEncoding = 4; lastKnownFileType = sourcecode.c.objc; path = "UIImage+ReMake.m"; sourceTree = "<group>"; };
		3642DD641B535303005CA499 /* LFRoundProgressView.h */ = {isa = PBXFileReference; fileEncoding = 4; lastKnownFileType = sourcecode.c.h; path = LFRoundProgressView.h; sourceTree = "<group>"; };
		3642DD651B535303005CA499 /* LFRoundProgressView.m */ = {isa = PBXFileReference; fileEncoding = 4; lastKnownFileType = sourcecode.c.objc; path = LFRoundProgressView.m; sourceTree = "<group>"; };
		3642DD671B53534F005CA499 /* PhotoProgressView.h */ = {isa = PBXFileReference; fileEncoding = 4; lastKnownFileType = sourcecode.c.h; path = PhotoProgressView.h; sourceTree = "<group>"; };
		3642DD681B53534F005CA499 /* PhotoProgressView.m */ = {isa = PBXFileReference; fileEncoding = 4; lastKnownFileType = sourcecode.c.objc; path = PhotoProgressView.m; sourceTree = "<group>"; };
		3642DD6A1B536F5F005CA499 /* PicCell.h */ = {isa = PBXFileReference; fileEncoding = 4; lastKnownFileType = sourcecode.c.h; path = PicCell.h; sourceTree = "<group>"; };
		3642DD6B1B536F5F005CA499 /* PicCell.m */ = {isa = PBXFileReference; fileEncoding = 4; lastKnownFileType = sourcecode.c.objc; path = PicCell.m; sourceTree = "<group>"; };
		3642DD6C1B536F5F005CA499 /* PicCell.xib */ = {isa = PBXFileReference; fileEncoding = 4; lastKnownFileType = file.xib; path = PicCell.xib; sourceTree = "<group>"; };
		3642DD6F1B539A35005CA499 /* btn_star_press@2x.png */ = {isa = PBXFileReference; lastKnownFileType = image.png; path = "btn_star_press@2x.png"; sourceTree = "<group>"; };
		3642DD711B539D8B005CA499 /* UIImage+ImageEffects.h */ = {isa = PBXFileReference; fileEncoding = 4; lastKnownFileType = sourcecode.c.h; path = "UIImage+ImageEffects.h"; sourceTree = "<group>"; };
		3642DD721B539D8B005CA499 /* UIImage+ImageEffects.m */ = {isa = PBXFileReference; fileEncoding = 4; lastKnownFileType = sourcecode.c.objc; path = "UIImage+ImageEffects.m"; sourceTree = "<group>"; };
		3642DD741B53B0FF005CA499 /* ViewControllerForNews.h */ = {isa = PBXFileReference; fileEncoding = 4; lastKnownFileType = sourcecode.c.h; path = ViewControllerForNews.h; sourceTree = "<group>"; };
		3642DD751B53B0FF005CA499 /* ViewControllerForNews.m */ = {isa = PBXFileReference; fileEncoding = 4; lastKnownFileType = sourcecode.c.objc; path = ViewControllerForNews.m; sourceTree = "<group>"; };
		3642DD9E1B53BFC5005CA499 /* 1.png */ = {isa = PBXFileReference; lastKnownFileType = image.png; path = 1.png; sourceTree = "<group>"; };
		3642DD9F1B53BFC5005CA499 /* 2.png */ = {isa = PBXFileReference; lastKnownFileType = image.png; path = 2.png; sourceTree = "<group>"; };
		3642DDA01B53BFC5005CA499 /* 3.png */ = {isa = PBXFileReference; lastKnownFileType = image.png; path = 3.png; sourceTree = "<group>"; };
		3642DDA11B53BFC5005CA499 /* 4.png */ = {isa = PBXFileReference; lastKnownFileType = image.png; path = 4.png; sourceTree = "<group>"; };
		3642DDA21B53BFC5005CA499 /* 5.png */ = {isa = PBXFileReference; lastKnownFileType = image.png; path = 5.png; sourceTree = "<group>"; };
		3642DDA31B53BFC5005CA499 /* 6.png */ = {isa = PBXFileReference; lastKnownFileType = image.png; path = 6.png; sourceTree = "<group>"; };
		3642DDA41B53BFC5005CA499 /* 7.png */ = {isa = PBXFileReference; lastKnownFileType = image.png; path = 7.png; sourceTree = "<group>"; };
		3642DDA51B53BFC5005CA499 /* 8.png */ = {isa = PBXFileReference; lastKnownFileType = image.png; path = 8.png; sourceTree = "<group>"; };
		3642DDA61B53BFC5005CA499 /* 9.png */ = {isa = PBXFileReference; lastKnownFileType = image.png; path = 9.png; sourceTree = "<group>"; };
		3669938C1B50B0130050E344 /* TLPhotoBrowserDemo.app */ = {isa = PBXFileReference; explicitFileType = wrapper.application; includeInIndex = 0; path = TLPhotoBrowserDemo.app; sourceTree = BUILT_PRODUCTS_DIR; };
		366993901B50B0140050E344 /* Info.plist */ = {isa = PBXFileReference; lastKnownFileType = text.plist.xml; path = Info.plist; sourceTree = "<group>"; };
		366993911B50B0140050E344 /* main.m */ = {isa = PBXFileReference; lastKnownFileType = sourcecode.c.objc; path = main.m; sourceTree = "<group>"; };
		366993931B50B0140050E344 /* AppDelegate.h */ = {isa = PBXFileReference; lastKnownFileType = sourcecode.c.h; path = AppDelegate.h; sourceTree = "<group>"; };
		366993941B50B0140050E344 /* AppDelegate.m */ = {isa = PBXFileReference; lastKnownFileType = sourcecode.c.objc; path = AppDelegate.m; sourceTree = "<group>"; };
		366993961B50B0140050E344 /* ViewController.h */ = {isa = PBXFileReference; lastKnownFileType = sourcecode.c.h; path = ViewController.h; sourceTree = "<group>"; };
		366993971B50B0140050E344 /* ViewController.m */ = {isa = PBXFileReference; lastKnownFileType = sourcecode.c.objc; path = ViewController.m; sourceTree = "<group>"; };
		3669939A1B50B0140050E344 /* Base */ = {isa = PBXFileReference; lastKnownFileType = file.storyboard; name = Base; path = Base.lproj/Main.storyboard; sourceTree = "<group>"; };
		3669939C1B50B0140050E344 /* Images.xcassets */ = {isa = PBXFileReference; lastKnownFileType = folder.assetcatalog; path = Images.xcassets; sourceTree = "<group>"; };
		3669939F1B50B0140050E344 /* Base */ = {isa = PBXFileReference; lastKnownFileType = file.xib; name = Base; path = Base.lproj/LaunchScreen.xib; sourceTree = "<group>"; };
		366993A51B50B0140050E344 /* TLPhotoBrowserDemoTests.xctest */ = {isa = PBXFileReference; explicitFileType = wrapper.cfbundle; includeInIndex = 0; path = TLPhotoBrowserDemoTests.xctest; sourceTree = BUILT_PRODUCTS_DIR; };
		366993AA1B50B0140050E344 /* Info.plist */ = {isa = PBXFileReference; lastKnownFileType = text.plist.xml; path = Info.plist; sourceTree = "<group>"; };
		366993AB1B50B0140050E344 /* TLPhotoBrowserDemoTests.m */ = {isa = PBXFileReference; lastKnownFileType = sourcecode.c.objc; path = TLPhotoBrowserDemoTests.m; sourceTree = "<group>"; };
		366993C81B50B45E0050E344 /* back_arrow@2x.png */ = {isa = PBXFileReference; lastKnownFileType = image.png; path = "back_arrow@2x.png"; sourceTree = "<group>"; };
		366993C91B50B45E0050E344 /* back_arrow@3x.png */ = {isa = PBXFileReference; lastKnownFileType = image.png; path = "back_arrow@3x.png"; sourceTree = "<group>"; };
		366993CA1B50B45E0050E344 /* preview_save_icon_disable@2x.png */ = {isa = PBXFileReference; lastKnownFileType = image.png; path = "preview_save_icon_disable@2x.png"; sourceTree = "<group>"; };
		366993CB1B50B45E0050E344 /* preview_save_icon_highlighted@2x.png */ = {isa = PBXFileReference; lastKnownFileType = image.png; path = "preview_save_icon_highlighted@2x.png"; sourceTree = "<group>"; };
		366993CC1B50B45E0050E344 /* preview_save_icon@2x.png */ = {isa = PBXFileReference; lastKnownFileType = image.png; path = "preview_save_icon@2x.png"; sourceTree = "<group>"; };
		366993D21B50B4E60050E344 /* PhotoBrowserVC.h */ = {isa = PBXFileReference; fileEncoding = 4; lastKnownFileType = sourcecode.c.h; path = PhotoBrowserVC.h; sourceTree = "<group>"; };
		366993D31B50B4E60050E344 /* PhotoBrowserVC.m */ = {isa = PBXFileReference; fileEncoding = 4; lastKnownFileType = sourcecode.c.objc; path = PhotoBrowserVC.m; sourceTree = "<group>"; };
		366993D41B50B4E60050E344 /* PhotoBrowserVC.xib */ = {isa = PBXFileReference; fileEncoding = 4; lastKnownFileType = file.xib; path = PhotoBrowserVC.xib; sourceTree = "<group>"; };
		366993D71B50BB850050E344 /* btn_collectwhite_normal@2x.png */ = {isa = PBXFileReference; lastKnownFileType = image.png; path = "btn_collectwhite_normal@2x.png"; sourceTree = "<group>"; };
		366993D81B50BB850050E344 /* btn_collectwhite_normal@3x.png */ = {isa = PBXFileReference; lastKnownFileType = image.png; path = "btn_collectwhite_normal@3x.png"; sourceTree = "<group>"; };
		366993DB1B50BB910050E344 /* btn_commentwhite_normal@2x.png */ = {isa = PBXFileReference; lastKnownFileType = image.png; path = "btn_commentwhite_normal@2x.png"; sourceTree = "<group>"; };
		366993DC1B50BB910050E344 /* btn_commentwhite_normal@3x.png */ = {isa = PBXFileReference; lastKnownFileType = image.png; path = "btn_commentwhite_normal@3x.png"; sourceTree = "<group>"; };
		366993DF1B50BBA30050E344 /* btn_share_normalwhite.png */ = {isa = PBXFileReference; lastKnownFileType = image.png; path = btn_share_normalwhite.png; sourceTree = "<group>"; };
		366993E01B50BBA30050E344 /* btn_sharewhite_normal@2x.png */ = {isa = PBXFileReference; lastKnownFileType = image.png; path = "btn_sharewhite_normal@2x.png"; sourceTree = "<group>"; };
		366993E31B50C3580050E344 /* Photo.h */ = {isa = PBXFileReference; fileEncoding = 4; lastKnownFileType = sourcecode.c.h; path = Photo.h; sourceTree = "<group>"; };
		366993E41B50C3580050E344 /* Photo.m */ = {isa = PBXFileReference; fileEncoding = 4; lastKnownFileType = sourcecode.c.objc; path = Photo.m; sourceTree = "<group>"; };
		366993E71B50C4040050E344 /* PhotoBrowserType.h */ = {isa = PBXFileReference; lastKnownFileType = sourcecode.c.h; path = PhotoBrowserType.h; sourceTree = "<group>"; };
		366993E81B50C5370050E344 /* PhotoImageView.h */ = {isa = PBXFileReference; fileEncoding = 4; lastKnownFileType = sourcecode.c.h; path = PhotoImageView.h; sourceTree = "<group>"; };
		366993E91B50C5370050E344 /* PhotoImageView.m */ = {isa = PBXFileReference; fileEncoding = 4; lastKnownFileType = sourcecode.c.objc; path = PhotoImageView.m; sourceTree = "<group>"; };
		366993EB1B50C5B60050E344 /* UIView+Extension.h */ = {isa = PBXFileReference; fileEncoding = 4; lastKnownFileType = sourcecode.c.h; path = "UIView+Extension.h"; sourceTree = "<group>"; };
		366993EC1B50C5B60050E344 /* UIView+Extension.m */ = {isa = PBXFileReference; fileEncoding = 4; lastKnownFileType = sourcecode.c.objc; path = "UIView+Extension.m"; sourceTree = "<group>"; };
		366993EE1B50C7740050E344 /* PhotoItemView.h */ = {isa = PBXFileReference; fileEncoding = 4; lastKnownFileType = sourcecode.c.h; path = PhotoItemView.h; sourceTree = "<group>"; };
		366993EF1B50C7740050E344 /* PhotoItemView.m */ = {isa = PBXFileReference; fileEncoding = 4; lastKnownFileType = sourcecode.c.objc; path = PhotoItemView.m; sourceTree = "<group>"; };
		366993F11B50C7870050E344 /* PhotoItemView.xib */ = {isa = PBXFileReference; fileEncoding = 4; lastKnownFileType = file.xib; path = PhotoItemView.xib; sourceTree = "<group>"; };
		366993F31B50C87B0050E344 /* PBScrollView.h */ = {isa = PBXFileReference; fileEncoding = 4; lastKnownFileType = sourcecode.c.h; path = PBScrollView.h; sourceTree = "<group>"; };
		366993F41B50C87B0050E344 /* PBScrollView.m */ = {isa = PBXFileReference; fileEncoding = 4; lastKnownFileType = sourcecode.c.objc; path = PBScrollView.m; sourceTree = "<group>"; };
		4133041B9C091F9DFD0665CE /* Pods.release.xcconfig */ = {isa = PBXFileReference; includeInIndex = 1; lastKnownFileType = text.xcconfig; name = Pods.release.xcconfig; path = "Pods/Target Support Files/Pods/Pods.release.xcconfig"; sourceTree = "<group>"; };
		4F6119106FC3C9407DD4E706 /* Pods.debug.xcconfig */ = {isa = PBXFileReference; includeInIndex = 1; lastKnownFileType = text.xcconfig; name = Pods.debug.xcconfig; path = "Pods/Target Support Files/Pods/Pods.debug.xcconfig"; sourceTree = "<group>"; };
		BBFAF73213CD27BF8B61DA6A /* libPods.a */ = {isa = PBXFileReference; explicitFileType = archive.ar; includeInIndex = 0; path = libPods.a; sourceTree = BUILT_PRODUCTS_DIR; };
/* End PBXFileReference section */

/* Begin PBXFrameworksBuildPhase section */
		366993891B50B0130050E344 /* Frameworks */ = {
			isa = PBXFrameworksBuildPhase;
			buildActionMask = 2147483647;
			files = (
				18138FA9AF37D0B76CA18D0D /* libPods.a in Frameworks */,
			);
			runOnlyForDeploymentPostprocessing = 0;
		};
		366993A21B50B0140050E344 /* Frameworks */ = {
			isa = PBXFrameworksBuildPhase;
			buildActionMask = 2147483647;
			files = (
			);
			runOnlyForDeploymentPostprocessing = 0;
		};
/* End PBXFrameworksBuildPhase section */

/* Begin PBXGroup section */
		0CB8360616FAFD02AB171F12 /* Frameworks */ = {
			isa = PBXGroup;
			children = (
				BBFAF73213CD27BF8B61DA6A /* libPods.a */,
			);
			name = Frameworks;
			sourceTree = "<group>";
		};
		3642DD631B535303005CA499 /* LFRoundProgressView */ = {
			isa = PBXGroup;
			children = (
				3642DD641B535303005CA499 /* LFRoundProgressView.h */,
				3642DD651B535303005CA499 /* LFRoundProgressView.m */,
			);
			path = LFRoundProgressView;
			sourceTree = "<group>";
		};
		3642DD9D1B53BFC5005CA499 /* Img */ = {
			isa = PBXGroup;
			children = (
				3642DD9E1B53BFC5005CA499 /* 1.png */,
				3642DD9F1B53BFC5005CA499 /* 2.png */,
				3642DDA01B53BFC5005CA499 /* 3.png */,
				3642DDA11B53BFC5005CA499 /* 4.png */,
				3642DDA21B53BFC5005CA499 /* 5.png */,
				3642DDA31B53BFC5005CA499 /* 6.png */,
				3642DDA41B53BFC5005CA499 /* 7.png */,
				3642DDA51B53BFC5005CA499 /* 8.png */,
				3642DDA61B53BFC5005CA499 /* 9.png */,
			);
			path = Img;
			sourceTree = "<group>";
		};
		366993831B50B0130050E344 = {
			isa = PBXGroup;
			children = (
				366993B61B50B3E80050E344 /* TLPhotoBrowser */,
				3669938E1B50B0130050E344 /* TLPhotoBrowserDemo */,
				366993A81B50B0140050E344 /* TLPhotoBrowserDemoTests */,
				3669938D1B50B0130050E344 /* Products */,
				E0B03E77F24FA71C3EE5A0BB /* Pods */,
				0CB8360616FAFD02AB171F12 /* Frameworks */,
			);
			sourceTree = "<group>";
		};
		3669938D1B50B0130050E344 /* Products */ = {
			isa = PBXGroup;
			children = (
				3669938C1B50B0130050E344 /* TLPhotoBrowserDemo.app */,
				366993A51B50B0140050E344 /* TLPhotoBrowserDemoTests.xctest */,
			);
			name = Products;
			sourceTree = "<group>";
		};
		3669938E1B50B0130050E344 /* TLPhotoBrowserDemo */ = {
			isa = PBXGroup;
			children = (
				366993931B50B0140050E344 /* AppDelegate.h */,
				366993941B50B0140050E344 /* AppDelegate.m */,
				366993961B50B0140050E344 /* ViewController.h */,
				366993971B50B0140050E344 /* ViewController.m */,
				3642DD6A1B536F5F005CA499 /* PicCell.h */,
				3642DD6B1B536F5F005CA499 /* PicCell.m */,
				3642DD6C1B536F5F005CA499 /* PicCell.xib */,
				3642DD741B53B0FF005CA499 /* ViewControllerForNews.h */,
				3642DD751B53B0FF005CA499 /* ViewControllerForNews.m */,
				366993991B50B0140050E344 /* Main.storyboard */,
				3669939C1B50B0140050E344 /* Images.xcassets */,
				3669939E1B50B0140050E344 /* LaunchScreen.xib */,
				3669938F1B50B0140050E344 /* Supporting Files */,
			);
			path = TLPhotoBrowserDemo;
			sourceTree = "<group>";
		};
		3669938F1B50B0140050E344 /* Supporting Files */ = {
			isa = PBXGroup;
			children = (
				3642DD9D1B53BFC5005CA499 /* Img */,
				366993901B50B0140050E344 /* Info.plist */,
				366993911B50B0140050E344 /* main.m */,
			);
			name = "Supporting Files";
			sourceTree = "<group>";
		};
		366993A81B50B0140050E344 /* TLPhotoBrowserDemoTests */ = {
			isa = PBXGroup;
			children = (
				366993AB1B50B0140050E344 /* TLPhotoBrowserDemoTests.m */,
				366993A91B50B0140050E344 /* Supporting Files */,
			);
			path = TLPhotoBrowserDemoTests;
			sourceTree = "<group>";
		};
		366993A91B50B0140050E344 /* Supporting Files */ = {
			isa = PBXGroup;
			children = (
				366993AA1B50B0140050E344 /* Info.plist */,
			);
			name = "Supporting Files";
			sourceTree = "<group>";
		};
		366993B61B50B3E80050E344 /* TLPhotoBrowser */ = {
			isa = PBXGroup;
			children = (
				366993E61B50C3FB0050E344 /* Type */,
				366993B71B50B3E80050E344 /* Category */,
				366993BA1B50B3E80050E344 /* Resource */,
				366993B91B50B3E80050E344 /* Model */,
				366993BB1B50B3E80050E344 /* View */,
				366993B81B50B3E80050E344 /* Controller */,
			);
			path = TLPhotoBrowser;
			sourceTree = "<group>";
		};
		366993B71B50B3E80050E344 /* Category */ = {
			isa = PBXGroup;
			children = (
				3642DD711B539D8B005CA499 /* UIImage+ImageEffects.h */,
				3642DD721B539D8B005CA499 /* UIImage+ImageEffects.m */,
				366993EB1B50C5B60050E344 /* UIView+Extension.h */,
				366993EC1B50C5B60050E344 /* UIView+Extension.m */,
				3642DD601B534EC4005CA499 /* UIImage+ReMake.h */,
				3642DD611B534EC4005CA499 /* UIImage+ReMake.m */,
			);
			path = Category;
			sourceTree = "<group>";
		};
		366993B81B50B3E80050E344 /* Controller */ = {
			isa = PBXGroup;
			children = (
				366993D21B50B4E60050E344 /* PhotoBrowserVC.h */,
				366993D31B50B4E60050E344 /* PhotoBrowserVC.m */,
				366993D41B50B4E60050E344 /* PhotoBrowserVC.xib */,
			);
			path = Controller;
			sourceTree = "<group>";
		};
		366993B91B50B3E80050E344 /* Model */ = {
			isa = PBXGroup;
			children = (
				366993E31B50C3580050E344 /* Photo.h */,
				366993E41B50C3580050E344 /* Photo.m */,
			);
			path = Model;
			sourceTree = "<group>";
		};
		366993BA1B50B3E80050E344 /* Resource */ = {
			isa = PBXGroup;
			children = (
				366993C81B50B45E0050E344 /* back_arrow@2x.png */,
				366993C91B50B45E0050E344 /* back_arrow@3x.png */,
				366993CA1B50B45E0050E344 /* preview_save_icon_disable@2x.png */,
				366993CB1B50B45E0050E344 /* preview_save_icon_highlighted@2x.png */,
				366993CC1B50B45E0050E344 /* preview_save_icon@2x.png */,
				366993D71B50BB850050E344 /* btn_collectwhite_normal@2x.png */,
				366993D81B50BB850050E344 /* btn_collectwhite_normal@3x.png */,
				3642DD6F1B539A35005CA499 /* btn_star_press@2x.png */,
				366993DB1B50BB910050E344 /* btn_commentwhite_normal@2x.png */,
				366993DC1B50BB910050E344 /* btn_commentwhite_normal@3x.png */,
				366993DF1B50BBA30050E344 /* btn_share_normalwhite.png */,
				366993E01B50BBA30050E344 /* btn_sharewhite_normal@2x.png */,
				3642DD5E1B534DB0005CA499 /* empty_picture.png */,
			);
			path = Resource;
			sourceTree = "<group>";
		};
		366993BB1B50B3E80050E344 /* View */ = {
			isa = PBXGroup;
			children = (
				3642DD631B535303005CA499 /* LFRoundProgressView */,
				3642DD671B53534F005CA499 /* PhotoProgressView.h */,
				3642DD681B53534F005CA499 /* PhotoProgressView.m */,
				366993E81B50C5370050E344 /* PhotoImageView.h */,
				366993E91B50C5370050E344 /* PhotoImageView.m */,
				366993EE1B50C7740050E344 /* PhotoItemView.h */,
				366993EF1B50C7740050E344 /* PhotoItemView.m */,
				366993F11B50C7870050E344 /* PhotoItemView.xib */,
				366993F31B50C87B0050E344 /* PBScrollView.h */,
				366993F41B50C87B0050E344 /* PBScrollView.m */,
			);
			path = View;
			sourceTree = "<group>";
		};
		366993E61B50C3FB0050E344 /* Type */ = {
			isa = PBXGroup;
			children = (
				366993E71B50C4040050E344 /* PhotoBrowserType.h */,
			);
			path = Type;
			sourceTree = "<group>";
		};
		E0B03E77F24FA71C3EE5A0BB /* Pods */ = {
			isa = PBXGroup;
			children = (
				4F6119106FC3C9407DD4E706 /* Pods.debug.xcconfig */,
				4133041B9C091F9DFD0665CE /* Pods.release.xcconfig */,
			);
			name = Pods;
			sourceTree = "<group>";
		};
/* End PBXGroup section */

/* Begin PBXNativeTarget section */
		3669938B1B50B0130050E344 /* TLPhotoBrowserDemo */ = {
			isa = PBXNativeTarget;
			buildConfigurationList = 366993AF1B50B0140050E344 /* Build configuration list for PBXNativeTarget "TLPhotoBrowserDemo" */;
			buildPhases = (
				6A4C06D99489DB6338AC64E3 /* Check Pods Manifest.lock */,
				366993881B50B0130050E344 /* Sources */,
				366993891B50B0130050E344 /* Frameworks */,
				3669938A1B50B0130050E344 /* Resources */,
				65CE74EC5EC50E67B6C2543F /* Copy Pods Resources */,
			);
			buildRules = (
			);
			dependencies = (
			);
			name = TLPhotoBrowserDemo;
			productName = TLPhotoBrowserDemo;
			productReference = 3669938C1B50B0130050E344 /* TLPhotoBrowserDemo.app */;
			productType = "com.apple.product-type.application";
		};
		366993A41B50B0140050E344 /* TLPhotoBrowserDemoTests */ = {
			isa = PBXNativeTarget;
			buildConfigurationList = 366993B21B50B0140050E344 /* Build configuration list for PBXNativeTarget "TLPhotoBrowserDemoTests" */;
			buildPhases = (
				366993A11B50B0140050E344 /* Sources */,
				366993A21B50B0140050E344 /* Frameworks */,
				366993A31B50B0140050E344 /* Resources */,
			);
			buildRules = (
			);
			dependencies = (
				366993A71B50B0140050E344 /* PBXTargetDependency */,
			);
			name = TLPhotoBrowserDemoTests;
			productName = TLPhotoBrowserDemoTests;
			productReference = 366993A51B50B0140050E344 /* TLPhotoBrowserDemoTests.xctest */;
			productType = "com.apple.product-type.bundle.unit-test";
		};
/* End PBXNativeTarget section */

/* Begin PBXProject section */
		366993841B50B0130050E344 /* Project object */ = {
			isa = PBXProject;
			attributes = {
				LastUpgradeCheck = 0640;
				ORGANIZATIONNAME = liang.tao;
				TargetAttributes = {
					3669938B1B50B0130050E344 = {
						CreatedOnToolsVersion = 6.4;
					};
					366993A41B50B0140050E344 = {
						CreatedOnToolsVersion = 6.4;
						TestTargetID = 3669938B1B50B0130050E344;
					};
				};
			};
			buildConfigurationList = 366993871B50B0130050E344 /* Build configuration list for PBXProject "TLPhotoBrowserDemo" */;
			compatibilityVersion = "Xcode 3.2";
			developmentRegion = English;
			hasScannedForEncodings = 0;
			knownRegions = (
				en,
				Base,
			);
			mainGroup = 366993831B50B0130050E344;
			productRefGroup = 3669938D1B50B0130050E344 /* Products */;
			projectDirPath = "";
			projectRoot = "";
			targets = (
				3669938B1B50B0130050E344 /* TLPhotoBrowserDemo */,
				366993A41B50B0140050E344 /* TLPhotoBrowserDemoTests */,
			);
		};
/* End PBXProject section */

/* Begin PBXResourcesBuildPhase section */
		3669938A1B50B0130050E344 /* Resources */ = {
			isa = PBXResourcesBuildPhase;
			buildActionMask = 2147483647;
			files = (
				3642DDAB1B53BFC5005CA499 /* 5.png in Resources */,
				3642DD5F1B534DB0005CA499 /* empty_picture.png in Resources */,
				3669939B1B50B0140050E344 /* Main.storyboard in Resources */,
				366993D61B50B4E60050E344 /* PhotoBrowserVC.xib in Resources */,
				3642DDAF1B53BFC5005CA499 /* 9.png in Resources */,
				3642DD6E1B536F5F005CA499 /* PicCell.xib in Resources */,
				3642DDAC1B53BFC5005CA499 /* 6.png in Resources */,
				366993D01B50B45E0050E344 /* preview_save_icon_highlighted@2x.png in Resources */,
				366993E21B50BBA30050E344 /* btn_sharewhite_normal@2x.png in Resources */,
				366993CE1B50B45E0050E344 /* back_arrow@3x.png in Resources */,
				366993CD1B50B45E0050E344 /* back_arrow@2x.png in Resources */,
				366993F21B50C7870050E344 /* PhotoItemView.xib in Resources */,
				3642DDAA1B53BFC5005CA499 /* 4.png in Resources */,
				3642DDA81B53BFC5005CA499 /* 2.png in Resources */,
				3642DDAD1B53BFC5005CA499 /* 7.png in Resources */,
				366993E11B50BBA30050E344 /* btn_share_normalwhite.png in Resources */,
				366993D91B50BB850050E344 /* btn_collectwhite_normal@2x.png in Resources */,
				3642DDA91B53BFC5005CA499 /* 3.png in Resources */,
				366993A01B50B0140050E344 /* LaunchScreen.xib in Resources */,
				366993D11B50B45E0050E344 /* preview_save_icon@2x.png in Resources */,
				3642DDAE1B53BFC5005CA499 /* 8.png in Resources */,
				366993DA1B50BB850050E344 /* btn_collectwhite_normal@3x.png in Resources */,
				366993DE1B50BB910050E344 /* btn_commentwhite_normal@3x.png in Resources */,
				3642DDA71B53BFC5005CA499 /* 1.png in Resources */,
				366993CF1B50B45E0050E344 /* preview_save_icon_disable@2x.png in Resources */,
				366993DD1B50BB910050E344 /* btn_commentwhite_normal@2x.png in Resources */,
				3669939D1B50B0140050E344 /* Images.xcassets in Resources */,
				3642DD701B539A35005CA499 /* btn_star_press@2x.png in Resources */,
			);
			runOnlyForDeploymentPostprocessing = 0;
		};
		366993A31B50B0140050E344 /* Resources */ = {
			isa = PBXResourcesBuildPhase;
			buildActionMask = 2147483647;
			files = (
			);
			runOnlyForDeploymentPostprocessing = 0;
		};
/* End PBXResourcesBuildPhase section */

/* Begin PBXShellScriptBuildPhase section */
		65CE74EC5EC50E67B6C2543F /* Copy Pods Resources */ = {
			isa = PBXShellScriptBuildPhase;
			buildActionMask = 2147483647;
			files = (
			);
			inputPaths = (
			);
			name = "Copy Pods Resources";
			outputPaths = (
			);
			runOnlyForDeploymentPostprocessing = 0;
			shellPath = /bin/sh;
			shellScript = "\"${SRCROOT}/Pods/Target Support Files/Pods/Pods-resources.sh\"\n";
			showEnvVarsInLog = 0;
		};
		6A4C06D99489DB6338AC64E3 /* Check Pods Manifest.lock */ = {
			isa = PBXShellScriptBuildPhase;
			buildActionMask = 2147483647;
			files = (
			);
			inputPaths = (
			);
			name = "Check Pods Manifest.lock";
			outputPaths = (
			);
			runOnlyForDeploymentPostprocessing = 0;
			shellPath = /bin/sh;
			shellScript = "diff \"${PODS_ROOT}/../Podfile.lock\" \"${PODS_ROOT}/Manifest.lock\" > /dev/null\nif [[ $? != 0 ]] ; then\n    cat << EOM\nerror: The sandbox is not in sync with the Podfile.lock. Run 'pod install' or update your CocoaPods installation.\nEOM\n    exit 1\nfi\n";
			showEnvVarsInLog = 0;
		};
/* End PBXShellScriptBuildPhase section */

/* Begin PBXSourcesBuildPhase section */
		366993881B50B0130050E344 /* Sources */ = {
			isa = PBXSourcesBuildPhase;
			buildActionMask = 2147483647;
			files = (
				366993981B50B0140050E344 /* ViewController.m in Sources */,
				366993EA1B50C5370050E344 /* PhotoImageView.m in Sources */,
				3642DD731B539D8B005CA499 /* UIImage+ImageEffects.m in Sources */,
				3642DD661B535303005CA499 /* LFRoundProgressView.m in Sources */,
				3642DD761B53B0FF005CA499 /* ViewControllerForNews.m in Sources */,
				366993951B50B0140050E344 /* AppDelegate.m in Sources */,
				366993F51B50C87B0050E344 /* PBScrollView.m in Sources */,
				3642DD621B534EC4005CA499 /* UIImage+ReMake.m in Sources */,
				366993ED1B50C5B60050E344 /* UIView+Extension.m in Sources */,
				3642DD6D1B536F5F005CA499 /* PicCell.m in Sources */,
				366993D51B50B4E60050E344 /* PhotoBrowserVC.m in Sources */,
				3642DD691B53534F005CA499 /* PhotoProgressView.m in Sources */,
				366993E51B50C3580050E344 /* Photo.m in Sources */,
				366993F01B50C7740050E344 /* PhotoItemView.m in Sources */,
				366993921B50B0140050E344 /* main.m in Sources */,
			);
			runOnlyForDeploymentPostprocessing = 0;
		};
		366993A11B50B0140050E344 /* Sources */ = {
			isa = PBXSourcesBuildPhase;
			buildActionMask = 2147483647;
			files = (
				366993AC1B50B0140050E344 /* TLPhotoBrowserDemoTests.m in Sources */,
			);
			runOnlyForDeploymentPostprocessing = 0;
		};
/* End PBXSourcesBuildPhase section */

/* Begin PBXTargetDependency section */
		366993A71B50B0140050E344 /* PBXTargetDependency */ = {
			isa = PBXTargetDependency;
			target = 3669938B1B50B0130050E344 /* TLPhotoBrowserDemo */;
			targetProxy = 366993A61B50B0140050E344 /* PBXContainerItemProxy */;
		};
/* End PBXTargetDependency section */

/* Begin PBXVariantGroup section */
		366993991B50B0140050E344 /* Main.storyboard */ = {
			isa = PBXVariantGroup;
			children = (
				3669939A1B50B0140050E344 /* Base */,
			);
			name = Main.storyboard;
			sourceTree = "<group>";
		};
		3669939E1B50B0140050E344 /* LaunchScreen.xib */ = {
			isa = PBXVariantGroup;
			children = (
				3669939F1B50B0140050E344 /* Base */,
			);
			name = LaunchScreen.xib;
			sourceTree = "<group>";
		};
/* End PBXVariantGroup section */

/* Begin XCBuildConfiguration section */
		366993AD1B50B0140050E344 /* Debug */ = {
			isa = XCBuildConfiguration;
			buildSettings = {
				ALWAYS_SEARCH_USER_PATHS = NO;
				CLANG_CXX_LANGUAGE_STANDARD = "gnu++0x";
				CLANG_CXX_LIBRARY = "libc++";
				CLANG_ENABLE_MODULES = YES;
				CLANG_ENABLE_OBJC_ARC = YES;
				CLANG_WARN_BOOL_CONVERSION = YES;
				CLANG_WARN_CONSTANT_CONVERSION = YES;
				CLANG_WARN_DIRECT_OBJC_ISA_USAGE = YES_ERROR;
				CLANG_WARN_EMPTY_BODY = YES;
				CLANG_WARN_ENUM_CONVERSION = YES;
				CLANG_WARN_INT_CONVERSION = YES;
				CLANG_WARN_OBJC_ROOT_CLASS = YES_ERROR;
				CLANG_WARN_UNREACHABLE_CODE = YES;
				CLANG_WARN__DUPLICATE_METHOD_MATCH = YES;
				"CODE_SIGN_IDENTITY[sdk=iphoneos*]" = "iPhone Developer";
				COPY_PHASE_STRIP = NO;
				DEBUG_INFORMATION_FORMAT = "dwarf-with-dsym";
				ENABLE_STRICT_OBJC_MSGSEND = YES;
				GCC_C_LANGUAGE_STANDARD = gnu99;
				GCC_DYNAMIC_NO_PIC = NO;
				GCC_NO_COMMON_BLOCKS = YES;
				GCC_OPTIMIZATION_LEVEL = 0;
				GCC_PREPROCESSOR_DEFINITIONS = (
					"DEBUG=1",
					"$(inherited)",
				);
				GCC_SYMBOLS_PRIVATE_EXTERN = NO;
				GCC_WARN_64_TO_32_BIT_CONVERSION = YES;
				GCC_WARN_ABOUT_RETURN_TYPE = YES_ERROR;
				GCC_WARN_UNDECLARED_SELECTOR = YES;
				GCC_WARN_UNINITIALIZED_AUTOS = YES_AGGRESSIVE;
				GCC_WARN_UNUSED_FUNCTION = YES;
				GCC_WARN_UNUSED_VARIABLE = YES;
				IPHONEOS_DEPLOYMENT_TARGET = 8.4;
				MTL_ENABLE_DEBUG_INFO = YES;
				ONLY_ACTIVE_ARCH = YES;
				SDKROOT = iphoneos;
			};
			name = Debug;
		};
		366993AE1B50B0140050E344 /* Release */ = {
			isa = XCBuildConfiguration;
			buildSettings = {
				ALWAYS_SEARCH_USER_PATHS = NO;
				CLANG_CXX_LANGUAGE_STANDARD = "gnu++0x";
				CLANG_CXX_LIBRARY = "libc++";
				CLANG_ENABLE_MODULES = YES;
				CLANG_ENABLE_OBJC_ARC = YES;
				CLANG_WARN_BOOL_CONVERSION = YES;
				CLANG_WARN_CONSTANT_CONVERSION = YES;
				CLANG_WARN_DIRECT_OBJC_ISA_USAGE = YES_ERROR;
				CLANG_WARN_EMPTY_BODY = YES;
				CLANG_WARN_ENUM_CONVERSION = YES;
				CLANG_WARN_INT_CONVERSION = YES;
				CLANG_WARN_OBJC_ROOT_CLASS = YES_ERROR;
				CLANG_WARN_UNREACHABLE_CODE = YES;
				CLANG_WARN__DUPLICATE_METHOD_MATCH = YES;
				"CODE_SIGN_IDENTITY[sdk=iphoneos*]" = "iPhone Developer";
				COPY_PHASE_STRIP = NO;
				DEBUG_INFORMATION_FORMAT = "dwarf-with-dsym";
				ENABLE_NS_ASSERTIONS = NO;
				ENABLE_STRICT_OBJC_MSGSEND = YES;
				GCC_C_LANGUAGE_STANDARD = gnu99;
				GCC_NO_COMMON_BLOCKS = YES;
				GCC_WARN_64_TO_32_BIT_CONVERSION = YES;
				GCC_WARN_ABOUT_RETURN_TYPE = YES_ERROR;
				GCC_WARN_UNDECLARED_SELECTOR = YES;
				GCC_WARN_UNINITIALIZED_AUTOS = YES_AGGRESSIVE;
				GCC_WARN_UNUSED_FUNCTION = YES;
				GCC_WARN_UNUSED_VARIABLE = YES;
				IPHONEOS_DEPLOYMENT_TARGET = 8.4;
				MTL_ENABLE_DEBUG_INFO = NO;
				SDKROOT = iphoneos;
				VALIDATE_PRODUCT = YES;
			};
			name = Release;
		};
		366993B01B50B0140050E344 /* Debug */ = {
			isa = XCBuildConfiguration;
			baseConfigurationReference = 4F6119106FC3C9407DD4E706 /* Pods.debug.xcconfig */;
			buildSettings = {
				ASSETCATALOG_COMPILER_APPICON_NAME = AppIcon;
				ASSETCATALOG_COMPILER_LAUNCHIMAGE_NAME = LaunchImage;
				CODE_SIGN_IDENTITY = "";
				INFOPLIST_FILE = TLPhotoBrowserDemo/Info.plist;
				IPHONEOS_DEPLOYMENT_TARGET = 7.0;
				LD_RUNPATH_SEARCH_PATHS = "$(inherited) @executable_path/Frameworks";
				PRODUCT_NAME = "$(TARGET_NAME)";
				PROVISIONING_PROFILE = "5c0891be-9cec-4e30-bea7-17c01106d191";
			};
			name = Debug;
		};
		366993B11B50B0140050E344 /* Release */ = {
			isa = XCBuildConfiguration;
			baseConfigurationReference = 4133041B9C091F9DFD0665CE /* Pods.release.xcconfig */;
			buildSettings = {
				ASSETCATALOG_COMPILER_APPICON_NAME = AppIcon;
				ASSETCATALOG_COMPILER_LAUNCHIMAGE_NAME = LaunchImage;
				"CODE_SIGN_IDENTITY[sdk=iphoneos*]" = "";
				INFOPLIST_FILE = TLPhotoBrowserDemo/Info.plist;
				IPHONEOS_DEPLOYMENT_TARGET = 7.0;
				LD_RUNPATH_SEARCH_PATHS = "$(inherited) @executable_path/Frameworks";
				PRODUCT_NAME = "$(TARGET_NAME)";
				PROVISIONING_PROFILE = "5c0891be-9cec-4e30-bea7-17c01106d191";
			};
			name = Release;
		};
		366993B31B50B0140050E344 /* Debug */ = {
			isa = XCBuildConfiguration;
			buildSettings = {
				BUNDLE_LOADER = "$(TEST_HOST)";
				FRAMEWORK_SEARCH_PATHS = (
					"$(SDKROOT)/Developer/Library/Frameworks",
					"$(inherited)",
				);
				GCC_PREPROCESSOR_DEFINITIONS = (
					"DEBUG=1",
					"$(inherited)",
				);
				INFOPLIST_FILE = TLPhotoBrowserDemoTests/Info.plist;
				LD_RUNPATH_SEARCH_PATHS = "$(inherited) @executable_path/Frameworks @loader_path/Frameworks";
				PRODUCT_NAME = "$(TARGET_NAME)";
				TEST_HOST = "$(BUILT_PRODUCTS_DIR)/TLPhotoBrowserDemo.app/TLPhotoBrowserDemo";
			};
			name = Debug;
		};
		366993B41B50B0140050E344 /* Release */ = {
			isa = XCBuildConfiguration;
			buildSettings = {
				BUNDLE_LOADER = "$(TEST_HOST)";
				FRAMEWORK_SEARCH_PATHS = (
					"$(SDKROOT)/Developer/Library/Frameworks",
					"$(inherited)",
				);
				INFOPLIST_FILE = TLPhotoBrowserDemoTests/Info.plist;
				LD_RUNPATH_SEARCH_PATHS = "$(inherited) @executable_path/Frameworks @loader_path/Frameworks";
				PRODUCT_NAME = "$(TARGET_NAME)";
				TEST_HOST = "$(BUILT_PRODUCTS_DIR)/TLPhotoBrowserDemo.app/TLPhotoBrowserDemo";
			};
			name = Release;
		};
/* End XCBuildConfiguration section */

/* Begin XCConfigurationList section */
		366993871B50B0130050E344 /* Build configuration list for PBXProject "TLPhotoBrowserDemo" */ = {
			isa = XCConfigurationList;
			buildConfigurations = (
				366993AD1B50B0140050E344 /* Debug */,
				366993AE1B50B0140050E344 /* Release */,
			);
			defaultConfigurationIsVisible = 0;
			defaultConfigurationName = Release;
		};
		366993AF1B50B0140050E344 /* Build configuration list for PBXNativeTarget "TLPhotoBrowserDemo" */ = {
			isa = XCConfigurationList;
			buildConfigurations = (
				366993B01B50B0140050E344 /* Debug */,
				366993B11B50B0140050E344 /* Release */,
			);
			defaultConfigurationIsVisible = 0;
			defaultConfigurationName = Release;
		};
		366993B21B50B0140050E344 /* Build configuration list for PBXNativeTarget "TLPhotoBrowserDemoTests" */ = {
			isa = XCConfigurationList;
			buildConfigurations = (
				366993B31B50B0140050E344 /* Debug */,
				366993B41B50B0140050E344 /* Release */,
			);
			defaultConfigurationIsVisible = 0;
			defaultConfigurationName = Release;
		};
/* End XCConfigurationList section */
	};
	rootObject = 366993841B50B0130050E344 /* Project object */;
}
